Microsoft Visual Studio Solution File, Format Version 11.00
# Visual Studio 2008

Project("{AC98C867-C807-4A67-E379-9763254E0CC5}") = "20160215_a", "Assembly-CSharp.csproj", "{9B141082-C815-66D5-C33A-856487EE6819}"
EndProject
Project("{AC98C867-C807-4A67-E379-9763254E0CC5}") = "20160215_a", "Assembly-CSharp-Editor.csproj", "{7FEDEC39-BF3E-F481-6620-FACA993FB9A7}"
EndProject
Global
	GlobalSection(SolutionConfigurationPlatforms) = preSolution
		Debug|Any CPU = Debug|Any CPU
		Release|Any CPU = Release|Any CPU
	EndGlobalSection
	GlobalSection(ProjectConfigurationPlatforms) = postSolution
		{9B141082-C815-66D5-C33A-856487EE6819}.Debug|Any CPU.ActiveCfg = Debug|Any CPU
		{9B141082-C815-66D5-C33A-856487EE6819}.Debug|Any CPU.Build.0 = Debug|Any CPU
		{9B141082-C815-66D5-C33A-856487EE6819}.Release|Any CPU.ActiveCfg = Release|Any CPU
		{9B141082-C815-66D5-C33A-856487EE6819}.Release|Any CPU.Build.0 = Release|Any CPU
		{7FEDEC39-BF3E-F481-6620-FACA993FB9A7}.Debug|Any CPU.ActiveCfg = Debug|Any CPU
		{7FEDEC39-BF3E-F481-6620-FACA993FB9A7}.Debug|Any CPU.Build.0 = Debug|Any CPU
		{7FEDEC39-BF3E-F481-6620-FACA993FB9A7}.Release|Any CPU.ActiveCfg = Release|Any CPU
		{7FEDEC39-BF3E-F481-6620-FACA993FB9A7}.Release|Any CPU.Build.0 = Release|Any CPU
	EndGlobalSection
	GlobalSection(SolutionProperties) = preSolution
		HideSolutionNode = FALSE
	EndGlobalSection
																																												GlobalSection(MonoDevelopProperties) = preSolution
		StartupItem = Assembly-CSharp.csproj
		Policies = $0
		$0.TextStylePolicy = $1
		$1.inheritsSet = null
		$1.scope = text/x-csharp
		$0.CSharpFormattingPolicy = $2
		$2.inheritsSet = Mono
		$2.inheritsScope = text/x-csharp
		$2.scope = text/x-csharp
		$0.TextStylePolicy = $3
		$3.FileWidth = 120
		$3.TabWidth = 4
		$3.IndentWidth = 4
		$3.EolMarker = Unix
		$3.inheritsSet = Mono
		$3.inheritsScope = text/plain
		$3.scope = text/plain
	EndGlobalSection

EndGlobal
